
Microsoft Visual Studio Solution File, Format Version 12.00
# Visual Studio Version 16
VisualStudioVersion = 16.0.30503.244
MinimumVisualStudioVersion = 10.0.40219.1
Project("{FAE04EC0-301F-11D3-BF4B-00C04F79EFBC}") = "EatiT.com", "EatiT.com.csproj", "{5A84497C-EE79-4F49-8034-AF9D1B4E4D15}"
EndProject
Global
	GlobalSection(SolutionConfigurationPlatforms) = preSolution
		Debug|Any CPU = Debug|Any CPU
		Release|Any CPU = Release|Any CPU
	EndGlobalSection
	GlobalSection(ProjectConfigurationPlatforms) = postSolution
		{5A84497C-EE79-4F49-8034-AF9D1B4E4D15}.Debug|Any CPU.ActiveCfg = Debug|Any CPU
		{5A84497C-EE79-4F49-8034-AF9D1B4E4D15}.Debug|Any CPU.Build.0 = Debug|Any CPU
		{5A84497C-EE79-4F49-8034-AF9D1B4E4D15}.Release|Any CPU.ActiveCfg = Release|Any CPU
		{5A84497C-EE79-4F49-8034-AF9D1B4E4D15}.Release|Any CPU.Build.0 = Release|Any CPU
	EndGlobalSection
	GlobalSection(SolutionProperties) = preSolution
		HideSolutionNode = FALSE
	EndGlobalSection
	GlobalSection(ExtensibilityGlobals) = postSolution
		SolutionGuid = {FA888BE3-4C55-47E8-85B1-42825EBD3F09}
	EndGlobalSection
EndGlobal
